PODS:
  - AppCenter/Analytics (1.5.0):
    - AppCenter/Core
  - AppCenter/Core (1.5.0)
  - AppCenter/Crashes (1.5.0):
    - AppCenter/Core
  - AppCenterReactNativeShared (1.4.0):
    - AppCenter/Core (= 1.5.0)

DEPENDENCIES:
  - AppCenter/Analytics (~> 1.5.0)
  - AppCenter/Crashes (~> 1.5.0)
  - AppCenterReactNativeShared (~> 1.4.0)

SPEC CHECKSUMS:
  AppCenter: 42c293f0de27e173aacd600a55a49da5317cd40e
  AppCenterReactNativeShared: 056324303732841fff14f2a71c4a6839831b038b

PODFILE CHECKSUM: 3adc192d33ca8cc2cf0395b69b0c21d7d0fe5c31

COCOAPODS: 1.4.0
